
Microsoft Visual Studio Solution File, Format Version 12.00
# Visual Studio Version 16
VisualStudioVersion = 16.0.30114.105
MinimumVisualStudioVersion = 10.0.40219.1
Project("{FAE04EC0-301F-11D3-BF4B-00C04F79EFBC}") = "API", "API\API.csproj", "{DEAC583D-0889-4E2C-AF97-94FF6ED396F4}"
EndProject
Project("{FAE04EC0-301F-11D3-BF4B-00C04F79EFBC}") = "Application", "Application\Application.csproj", "{8AAB7DBE-2959-488C-AD59-6CD47A260CF7}"
EndProject
Project("{FAE04EC0-301F-11D3-BF4B-00C04F79EFBC}") = "Persistence", "Persistence\Persistence.csproj", "{CD9F398F-D2D5-41FB-AD57-AD8C1A9D532B}"
EndProject
Project("{FAE04EC0-301F-11D3-BF4B-00C04F79EFBC}") = "Domain", "Domain\Domain.csproj", "{2DE3CE1C-8C62-4C49-8E48-6D1247C83479}"
EndProject
Global
	GlobalSection(SolutionConfigurationPlatforms) = preSolution
		Debug|Any CPU = Debug|Any CPU
		Release|Any CPU = Release|Any CPU
	EndGlobalSection
	GlobalSection(SolutionProperties) = preSolution
		HideSolutionNode = FALSE
	EndGlobalSection
	GlobalSection(ProjectConfigurationPlatforms) = postSolution
		{DEAC583D-0889-4E2C-AF97-94FF6ED396F4}.Debug|Any CPU.ActiveCfg = Debug|Any CPU
		{DEAC583D-0889-4E2C-AF97-94FF6ED396F4}.Debug|Any CPU.Build.0 = Debug|Any CPU
		{DEAC583D-0889-4E2C-AF97-94FF6ED396F4}.Release|Any CPU.ActiveCfg = Release|Any CPU
		{DEAC583D-0889-4E2C-AF97-94FF6ED396F4}.Release|Any CPU.Build.0 = Release|Any CPU
		{8AAB7DBE-2959-488C-AD59-6CD47A260CF7}.Debug|Any CPU.ActiveCfg = Debug|Any CPU
		{8AAB7DBE-2959-488C-AD59-6CD47A260CF7}.Debug|Any CPU.Build.0 = Debug|Any CPU
		{8AAB7DBE-2959-488C-AD59-6CD47A260CF7}.Release|Any CPU.ActiveCfg = Release|Any CPU
		{8AAB7DBE-2959-488C-AD59-6CD47A260CF7}.Release|Any CPU.Build.0 = Release|Any CPU
		{CD9F398F-D2D5-41FB-AD57-AD8C1A9D532B}.Debug|Any CPU.ActiveCfg = Debug|Any CPU
		{CD9F398F-D2D5-41FB-AD57-AD8C1A9D532B}.Debug|Any CPU.Build.0 = Debug|Any CPU
		{CD9F398F-D2D5-41FB-AD57-AD8C1A9D532B}.Release|Any CPU.ActiveCfg = Release|Any CPU
		{CD9F398F-D2D5-41FB-AD57-AD8C1A9D532B}.Release|Any CPU.Build.0 = Release|Any CPU
		{2DE3CE1C-8C62-4C49-8E48-6D1247C83479}.Debug|Any CPU.ActiveCfg = Debug|Any CPU
		{2DE3CE1C-8C62-4C49-8E48-6D1247C83479}.Debug|Any CPU.Build.0 = Debug|Any CPU
		{2DE3CE1C-8C62-4C49-8E48-6D1247C83479}.Release|Any CPU.ActiveCfg = Release|Any CPU
		{2DE3CE1C-8C62-4C49-8E48-6D1247C83479}.Release|Any CPU.Build.0 = Release|Any CPU
	EndGlobalSection
EndGlobal
